// !$*UTF8*$!
{
	archiveVersion = 1;
	classes = {
	};
	objectVersion = 77;
	objects = {

/* Begin PBXBuildFile section */
		C01155052F26CD1A00317095 /* SQLiteData in Frameworks */ = {isa = PBXBuildFile; productRef = C01155042F26CD1A00317095 /* SQLiteData */; };
		C025F1A52F1A060C00687E49 /* TinyStorage in Frameworks */ = {isa = PBXBuildFile; productRef = C025F1A42F1A060C00687E49 /* TinyStorage */; };
		C025F1A82F1A061900687E49 /* NavigationKit in Frameworks */ = {isa = PBXBuildFile; productRef = C025F1A72F1A061900687E49 /* NavigationKit */; };
		C025F1AB2F1A062900687E49 /* ObfuscateMacro in Frameworks */ = {isa = PBXBuildFile; productRef = C025F1AA2F1A062900687E49 /* ObfuscateMacro */; };
		C025F1AE2F1A064400687E49 /* SwiftUIIntrospect in Frameworks */ = {isa = PBXBuildFile; productRef = C025F1AD2F1A064400687E49 /* SwiftUIIntrospect */; };
		C025F1B12F1A065D00687E49 /* Nuke in Frameworks */ = {isa = PBXBuildFile; productRef = C025F1B02F1A065D00687E49 /* Nuke */; };
		C025F1B32F1A065D00687E49 /* NukeUI in Frameworks */ = {isa = PBXBuildFile; productRef = C025F1B22F1A065D00687E49 /* NukeUI */; };
		C025F1B62F1A066F00687E49 /* ButtonKit in Frameworks */ = {isa = PBXBuildFile; productRef = C025F1B52F1A066F00687E49 /* ButtonKit */; };
		C025F1B92F1A067F00687E49 /* Atlantis in Frameworks */ = {isa = PBXBuildFile; productRef = C025F1B82F1A067F00687E49 /* Atlantis */; };
		C025F20C2F1AA3D100687E49 /* SQLiteData in Frameworks */ = {isa = PBXBuildFile; productRef = C025F20B2F1AA3D100687E49 /* SQLiteData */; };
		C0DEF00D2F2A000000000013 /* TinyStorage in Frameworks */ = {isa = PBXBuildFile; productRef = C0DEF00D2F2A00000000000A /* TinyStorage */; };
		C0DEF00D2F2A000000000014 /* NavigationKit in Frameworks */ = {isa = PBXBuildFile; productRef = C0DEF00D2F2A00000000000B /* NavigationKit */; };
		C0DEF00D2F2A000000000015 /* ObfuscateMacro in Frameworks */ = {isa = PBXBuildFile; productRef = C0DEF00D2F2A00000000000C /* ObfuscateMacro */; };
		C0DEF00D2F2A000000000016 /* SwiftUIIntrospect in Frameworks */ = {isa = PBXBuildFile; productRef = C0DEF00D2F2A00000000000D /* SwiftUIIntrospect */; };
		C0DEF00D2F2A000000000017 /* Nuke in Frameworks */ = {isa = PBXBuildFile; productRef = C0DEF00D2F2A00000000000E /* Nuke */; };
		C0DEF00D2F2A000000000018 /* NukeUI in Frameworks */ = {isa = PBXBuildFile; productRef = C0DEF00D2F2A00000000000F /* NukeUI */; };
		C0DEF00D2F2A000000000019 /* ButtonKit in Frameworks */ = {isa = PBXBuildFile; productRef = C0DEF00D2F2A000000000010 /* ButtonKit */; };
		C0DEF00D2F2A00000000001A /* Atlantis in Frameworks */ = {isa = PBXBuildFile; productRef = C0DEF00D2F2A000000000011 /* Atlantis */; };
		C0DEF00D2F2A00000000001B /* SQLiteData in Frameworks */ = {isa = PBXBuildFile; productRef = C0DEF00D2F2A000000000012 /* SQLiteData */; };
/* End PBXBuildFile section */

/* Begin PBXFileReference section */
		C02BFFA42F1A04EE00169A69 /* Lattice.app */ = {isa = PBXFileReference; explicitFileType = wrapper.application; includeInIndex = 0; path = Lattice.app; sourceTree = BUILT_PRODUCTS_DIR; };
		C0DEF00D2F2A000000000001 /* LatticeDev.app */ = {isa = PBXFileReference; explicitFileType = wrapper.application; includeInIndex = 0; path = LatticeDev.app; sourceTree = BUILT_PRODUCTS_DIR; };
/* End PBXFileReference section */

/* Begin PBXFileSystemSynchronizedBuildFileExceptionSet section */
		C02CC24B2F1CC28A00B9708B /* Exceptions for "src" folder in "Lattice" target */ = {
			isa = PBXFileSystemSynchronizedBuildFileExceptionSet;
			membershipExceptions = (
				Info.plist,
			);
			target = C02BFFA32F1A04EE00169A69 /* Lattice */;
		};
		C0DEF00D2F2A000000000009 /* Exceptions for "src" folder in "LatticeDev" target */ = {
			isa = PBXFileSystemSynchronizedBuildFileExceptionSet;
			membershipExceptions = (
				Info.plist,
			);
			target = C0DEF00D2F2A000000000002 /* LatticeDev */;
		};
/* End PBXFileSystemSynchronizedBuildFileExceptionSet section */

/* Begin PBXFileSystemSynchronizedRootGroup section */
		C02BFFA62F1A04EE00169A69 /* src */ = {
			isa = PBXFileSystemSynchronizedRootGroup;
			exceptions = (
				C02CC24B2F1CC28A00B9708B /* Exceptions for "src" folder in "Lattice" target */,
				C0DEF00D2F2A000000000009 /* Exceptions for "src" folder in "LatticeDev" target */,
			);
			path = src;
			sourceTree = "<group>";
		};
/* End PBXFileSystemSynchronizedRootGroup section */

/* Begin PBXFrameworksBuildPhase section */
		C02BFFA12F1A04EE00169A69 /* Frameworks */ = {
			isa = PBXFrameworksBuildPhase;
			buildActionMask = 2147483647;
			files = (
				C025F20C2F1AA3D100687E49 /* SQLiteData in Frameworks */,
				C025F1AB2F1A062900687E49 /* ObfuscateMacro in Frameworks */,
				C01155052F26CD1A00317095 /* SQLiteData in Frameworks */,
				C025F1B32F1A065D00687E49 /* NukeUI in Frameworks */,
				C025F1A52F1A060C00687E49 /* TinyStorage in Frameworks */,
				C025F1B12F1A065D00687E49 /* Nuke in Frameworks */,
				C025F1B62F1A066F00687E49 /* ButtonKit in Frameworks */,
				C025F1AE2F1A064400687E49 /* SwiftUIIntrospect in Frameworks */,
				C025F1B92F1A067F00687E49 /* Atlantis in Frameworks */,
				C025F1A82F1A061900687E49 /* NavigationKit in Frameworks */,
			);
			runOnlyForDeploymentPostprocessing = 0;
		};
		C0DEF00D2F2A000000000004 /* Frameworks */ = {
			isa = PBXFrameworksBuildPhase;
			buildActionMask = 2147483647;
			files = (
				C0DEF00D2F2A00000000001B /* SQLiteData in Frameworks */,
				C0DEF00D2F2A000000000015 /* ObfuscateMacro in Frameworks */,
				C0DEF00D2F2A000000000018 /* NukeUI in Frameworks */,
				C0DEF00D2F2A000000000013 /* TinyStorage in Frameworks */,
				C0DEF00D2F2A000000000017 /* Nuke in Frameworks */,
				C0DEF00D2F2A000000000019 /* ButtonKit in Frameworks */,
				C0DEF00D2F2A000000000016 /* SwiftUIIntrospect in Frameworks */,
				C0DEF00D2F2A00000000001A /* Atlantis in Frameworks */,
				C0DEF00D2F2A000000000014 /* NavigationKit in Frameworks */,
			);
			runOnlyForDeploymentPostprocessing = 0;
		};
/* End PBXFrameworksBuildPhase section */

/* Begin PBXGroup section */
		C02BFF9B2F1A04EE00169A69 = {
			isa = PBXGroup;
			children = (
				C02BFFA62F1A04EE00169A69 /* src */,
				C02BFFA52F1A04EE00169A69 /* Products */,
			);
			sourceTree = "<group>";
		};
		C02BFFA52F1A04EE00169A69 /* Products */ = {
			isa = PBXGroup;
			children = (
				C02BFFA42F1A04EE00169A69 /* Lattice.app */,
				C0DEF00D2F2A000000000001 /* LatticeDev.app */,
			);
			name = Products;
			sourceTree = "<group>";
		};
/* End PBXGroup section */

/* Begin PBXNativeTarget section */
		C02BFFA32F1A04EE00169A69 /* Lattice */ = {
			isa = PBXNativeTarget;
			buildConfigurationList = C02BFFAF2F1A04EE00169A69 /* Build configuration list for PBXNativeTarget "Lattice" */;
			buildPhases = (
				C02BFFA02F1A04EE00169A69 /* Sources */,
				C02BFFA12F1A04EE00169A69 /* Frameworks */,
				C02BFFA22F1A04EE00169A69 /* Resources */,
			);
			buildRules = (
			);
			dependencies = (
			);
			fileSystemSynchronizedGroups = (
				C02BFFA62F1A04EE00169A69 /* src */,
			);
			name = Lattice;
			packageProductDependencies = (
				C025F1A42F1A060C00687E49 /* TinyStorage */,
				C025F1A72F1A061900687E49 /* NavigationKit */,
				C025F1AA2F1A062900687E49 /* ObfuscateMacro */,
				C025F1AD2F1A064400687E49 /* SwiftUIIntrospect */,
				C025F1B02F1A065D00687E49 /* Nuke */,
				C025F1B22F1A065D00687E49 /* NukeUI */,
				C025F1B52F1A066F00687E49 /* ButtonKit */,
				C025F1B82F1A067F00687E49 /* Atlantis */,
				C025F20B2F1AA3D100687E49 /* SQLiteData */,
				C01155042F26CD1A00317095 /* SQLiteData */,
			);
			productName = Lattice;
			productReference = C02BFFA42F1A04EE00169A69 /* Lattice.app */;
			productType = "com.apple.product-type.application";
		};
		C0DEF00D2F2A000000000002 /* LatticeDev */ = {
			isa = PBXNativeTarget;
			buildConfigurationList = C0DEF00D2F2A000000000006 /* Build configuration list for PBXNativeTarget "LatticeDev" */;
			buildPhases = (
				C0DEF00D2F2A000000000003 /* Sources */,
				C0DEF00D2F2A000000000004 /* Frameworks */,
				C0DEF00D2F2A000000000005 /* Resources */,
			);
			buildRules = (
			);
			dependencies = (
			);
			fileSystemSynchronizedGroups = (
				C02BFFA62F1A04EE00169A69 /* src */,
			);
			name = LatticeDev;
			packageProductDependencies = (
				C0DEF00D2F2A00000000000A /* TinyStorage */,
				C0DEF00D2F2A00000000000B /* NavigationKit */,
				C0DEF00D2F2A00000000000C /* ObfuscateMacro */,
				C0DEF00D2F2A00000000000D /* SwiftUIIntrospect */,
				C0DEF00D2F2A00000000000E /* Nuke */,
				C0DEF00D2F2A00000000000F /* NukeUI */,
				C0DEF00D2F2A000000000010 /* ButtonKit */,
				C0DEF00D2F2A000000000011 /* Atlantis */,
				C0DEF00D2F2A000000000012 /* SQLiteData */,
			);
			productName = LatticeDev;
			productReference = C0DEF00D2F2A000000000001 /* LatticeDev.app */;
			productType = "com.apple.product-type.application";
		};
/* End PBXNativeTarget section */

/* Begin PBXProject section */
		C02BFF9C2F1A04EE00169A69 /* Project object */ = {
			isa = PBXProject;
			attributes = {
				BuildIndependentTargetsInParallel = 1;
				LastSwiftUpdateCheck = 2620;
				LastUpgradeCheck = 2620;
				TargetAttributes = {
					C02BFFA32F1A04EE00169A69 = {
						CreatedOnToolsVersion = 26.2;
					};
					C0DEF00D2F2A000000000002 = {
						CreatedOnToolsVersion = 26.2;
					};
				};
			};
			buildConfigurationList = C02BFF9F2F1A04EE00169A69 /* Build configuration list for PBXProject "Lattice" */;
			developmentRegion = en;
			hasScannedForEncodings = 0;
			knownRegions = (
				en,
				Base,
			);
			mainGroup = C02BFF9B2F1A04EE00169A69;
			minimizedProjectReferenceProxies = 1;
			packageReferences = (
				C025F1A32F1A060C00687E49 /* XCRemoteSwiftPackageReference "TinyStorage" */,
				C025F1A62F1A061900687E49 /* XCRemoteSwiftPackageReference "NavigationKit" */,
				C025F1A92F1A062900687E49 /* XCRemoteSwiftPackageReference "ObfuscateMacro" */,
				C025F1AC2F1A064400687E49 /* XCRemoteSwiftPackageReference "swiftui-introspect" */,
				C025F1AF2F1A065D00687E49 /* XCRemoteSwiftPackageReference "Nuke" */,
				C025F1B42F1A066F00687E49 /* XCRemoteSwiftPackageReference "ButtonKit" */,
				C025F1B72F1A067F00687E49 /* XCRemoteSwiftPackageReference "atlantis" */,
				C01155032F26CD1A00317095 /* XCRemoteSwiftPackageReference "sqlite-data" */,
			);
			preferredProjectObjectVersion = 77;
			productRefGroup = C02BFFA52F1A04EE00169A69 /* Products */;
			projectDirPath = "";
			projectRoot = "";
			targets = (
				C02BFFA32F1A04EE00169A69 /* Lattice */,
				C0DEF00D2F2A000000000002 /* LatticeDev */,
			);
		};
/* End PBXProject section */

/* Begin PBXResourcesBuildPhase section */
		C02BFFA22F1A04EE00169A69 /* Resources */ = {
			isa = PBXResourcesBuildPhase;
			buildActionMask = 2147483647;
			files = (
			);
			runOnlyForDeploymentPostprocessing = 0;
		};
		C0DEF00D2F2A000000000005 /* Resources */ = {
			isa = PBXResourcesBuildPhase;
			buildActionMask = 2147483647;
			files = (
			);
			runOnlyForDeploymentPostprocessing = 0;
		};
/* End PBXResourcesBuildPhase section */

/* Begin PBXSourcesBuildPhase section */
		C02BFFA02F1A04EE00169A69 /* Sources */ = {
			isa = PBXSourcesBuildPhase;
			buildActionMask = 2147483647;
			files = (
			);
			runOnlyForDeploymentPostprocessing = 0;
		};
		C0DEF00D2F2A000000000003 /* Sources */ = {
			isa = PBXSourcesBuildPhase;
			buildActionMask = 2147483647;
			files = (
			);
			runOnlyForDeploymentPostprocessing = 0;
		};
/* End PBXSourcesBuildPhase section */

/* Begin XCBuildConfiguration section */
		C02BFFAD2F1A04EE00169A69 /* Debug */ = {
			isa = XCBuildConfiguration;
			buildSettings = {
				ALWAYS_SEARCH_USER_PATHS = NO;
				ASSETCATALOG_COMPILER_GENERATE_SWIFT_ASSET_SYMBOL_EXTENSIONS = YES;
				CLANG_ANALYZER_NONNULL = YES;
				CLANG_ANALYZER_NUMBER_OBJECT_CONVERSION = YES_AGGRESSIVE;
				CLANG_CXX_LANGUAGE_STANDARD = "gnu++20";
				CLANG_ENABLE_MODULES = YES;
				CLANG_ENABLE_OBJC_ARC = YES;
				CLANG_ENABLE_OBJC_WEAK = YES;
				CLANG_WARN_BLOCK_CAPTURE_AUTORELEASING = YES;
				CLANG_WARN_BOOL_CONVERSION = YES;
				CLANG_WARN_COMMA = YES;
				CLANG_WARN_CONSTANT_CONVERSION = YES;
				CLANG_WARN_DEPRECATED_OBJC_IMPLEMENTATIONS = YES;
				CLANG_WARN_DIRECT_OBJC_ISA_USAGE = YES_ERROR;
				CLANG_WARN_DOCUMENTATION_COMMENTS = YES;
				CLANG_WARN_EMPTY_BODY = YES;
				CLANG_WARN_ENUM_CONVERSION = YES;
				CLANG_WARN_INFINITE_RECURSION = YES;
				CLANG_WARN_INT_CONVERSION = YES;
				CLANG_WARN_NON_LITERAL_NULL_CONVERSION = YES;
				CLANG_WARN_OBJC_IMPLICIT_RETAIN_SELF = YES;
				CLANG_WARN_OBJC_LITERAL_CONVERSION = YES;
				CLANG_WARN_OBJC_ROOT_CLASS = YES_ERROR;
				CLANG_WARN_QUOTED_INCLUDE_IN_FRAMEWORK_HEADER = YES;
				CLANG_WARN_RANGE_LOOP_ANALYSIS = YES;
				CLANG_WARN_STRICT_PROTOTYPES = YES;
				CLANG_WARN_SUSPICIOUS_MOVE = YES;
				CLANG_WARN_UNGUARDED_AVAILABILITY = YES_AGGRESSIVE;
				CLANG_WARN_UNREACHABLE_CODE = YES;
				CLANG_WARN__DUPLICATE_METHOD_MATCH = YES;
				COPY_PHASE_STRIP = NO;
				DEBUG_INFORMATION_FORMAT = dwarf;
				DEVELOPMENT_TEAM = LR4RJT6586;
				ENABLE_STRICT_OBJC_MSGSEND = YES;
				ENABLE_TESTABILITY = YES;
				ENABLE_USER_SCRIPT_SANDBOXING = YES;
				GCC_C_LANGUAGE_STANDARD = gnu17;
				GCC_DYNAMIC_NO_PIC = NO;
				GCC_NO_COMMON_BLOCKS = YES;
				GCC_OPTIMIZATION_LEVEL = 0;
				GCC_PREPROCESSOR_DEFINITIONS = (
					"DEBUG=1",
					"$(inherited)",
				);
				GCC_WARN_64_TO_32_BIT_CONVERSION = YES;
				GCC_WARN_ABOUT_RETURN_TYPE = YES_ERROR;
				GCC_WARN_UNDECLARED_SELECTOR = YES;
				GCC_WARN_UNINITIALIZED_AUTOS = YES_AGGRESSIVE;
				GCC_WARN_UNUSED_FUNCTION = YES;
				GCC_WARN_UNUSED_VARIABLE = YES;
				LOCALIZATION_PREFERS_STRING_CATALOGS = YES;
				MTL_ENABLE_DEBUG_INFO = INCLUDE_SOURCE;
				MTL_FAST_MATH = YES;
				ONLY_ACTIVE_ARCH = YES;
				SWIFT_ACTIVE_COMPILATION_CONDITIONS = "DEBUG $(inherited)";
				SWIFT_OPTIMIZATION_LEVEL = "-Onone";
			};
			name = Debug;
		};
		C02BFFAE2F1A04EE00169A69 /* Release */ = {
			isa = XCBuildConfiguration;
			buildSettings = {
				ALWAYS_SEARCH_USER_PATHS = NO;
				ASSETCATALOG_COMPILER_GENERATE_SWIFT_ASSET_SYMBOL_EXTENSIONS = YES;
				CLANG_ANALYZER_NONNULL = YES;
				CLANG_ANALYZER_NUMBER_OBJECT_CONVERSION = YES_AGGRESSIVE;
				CLANG_CXX_LANGUAGE_STANDARD = "gnu++20";
				CLANG_ENABLE_MODULES = YES;
				CLANG_ENABLE_OBJC_ARC = YES;
				CLANG_ENABLE_OBJC_WEAK = YES;
				CLANG_WARN_BLOCK_CAPTURE_AUTORELEASING = YES;
				CLANG_WARN_BOOL_CONVERSION = YES;
				CLANG_WARN_COMMA = YES;
				CLANG_WARN_CONSTANT_CONVERSION = YES;
				CLANG_WARN_DEPRECATED_OBJC_IMPLEMENTATIONS = YES;
				CLANG_WARN_DIRECT_OBJC_ISA_USAGE = YES_ERROR;
				CLANG_WARN_DOCUMENTATION_COMMENTS = YES;
				CLANG_WARN_EMPTY_BODY = YES;
				CLANG_WARN_ENUM_CONVERSION = YES;
				CLANG_WARN_INFINITE_RECURSION = YES;
				CLANG_WARN_INT_CONVERSION = YES;
				CLANG_WARN_NON_LITERAL_NULL_CONVERSION = YES;
				CLANG_WARN_OBJC_IMPLICIT_RETAIN_SELF = YES;
				CLANG_WARN_OBJC_LITERAL_CONVERSION = YES;
				CLANG_WARN_OBJC_ROOT_CLASS = YES_ERROR;
				CLANG_WARN_QUOTED_INCLUDE_IN_FRAMEWORK_HEADER = YES;
				CLANG_WARN_RANGE_LOOP_ANALYSIS = YES;
				CLANG_WARN_STRICT_PROTOTYPES = YES;
				CLANG_WARN_SUSPICIOUS_MOVE = YES;
				CLANG_WARN_UNGUARDED_AVAILABILITY = YES_AGGRESSIVE;
				CLANG_WARN_UNREACHABLE_CODE = YES;
				CLANG_WARN__DUPLICATE_METHOD_MATCH = YES;
				COPY_PHASE_STRIP = NO;
				DEBUG_INFORMATION_FORMAT = "dwarf-with-dsym";
				DEVELOPMENT_TEAM = LR4RJT6586;
				ENABLE_NS_ASSERTIONS = NO;
				ENABLE_STRICT_OBJC_MSGSEND = YES;
				ENABLE_USER_SCRIPT_SANDBOXING = YES;
				GCC_C_LANGUAGE_STANDARD = gnu17;
				GCC_NO_COMMON_BLOCKS = YES;
				GCC_WARN_64_TO_32_BIT_CONVERSION = YES;
				GCC_WARN_ABOUT_RETURN_TYPE = YES_ERROR;
				GCC_WARN_UNDECLARED_SELECTOR = YES;
				GCC_WARN_UNINITIALIZED_AUTOS = YES_AGGRESSIVE;
				GCC_WARN_UNUSED_FUNCTION = YES;
				GCC_WARN_UNUSED_VARIABLE = YES;
				LOCALIZATION_PREFERS_STRING_CATALOGS = YES;
				MTL_ENABLE_DEBUG_INFO = NO;
				MTL_FAST_MATH = YES;
				SWIFT_COMPILATION_MODE = wholemodule;
			};
			name = Release;
		};
		C02BFFB02F1A04EE00169A69 /* Debug */ = {
			isa = XCBuildConfiguration;
			buildSettings = {
				ASSETCATALOG_COMPILER_APPICON_NAME = AppIcon;
				ASSETCATALOG_COMPILER_GLOBAL_ACCENT_COLOR_NAME = AccentColor;
				CODE_SIGN_ENTITLEMENTS = src/Lattice.entitlements;
				"CODE_SIGN_IDENTITY[sdk=iphoneos*]" = "iPhone Developer";
				"CODE_SIGN_IDENTITY[sdk=macosx*]" = "Mac Developer";
				CODE_SIGN_STYLE = Manual;
				CURRENT_PROJECT_VERSION = 1;
				DEVELOPMENT_TEAM = "";
				"DEVELOPMENT_TEAM[sdk=iphoneos*]" = LR4RJT6586;
				"DEVELOPMENT_TEAM[sdk=macosx*]" = LR4RJT6586;
				ENABLE_APP_SANDBOX = YES;
				ENABLE_HARDENED_RUNTIME = YES;
				ENABLE_INCOMING_NETWORK_CONNECTIONS = NO;
				ENABLE_OUTGOING_NETWORK_CONNECTIONS = YES;
				ENABLE_PREVIEWS = YES;
				ENABLE_RESOURCE_ACCESS_AUDIO_INPUT = NO;
				ENABLE_RESOURCE_ACCESS_BLUETOOTH = NO;
				ENABLE_RESOURCE_ACCESS_CALENDARS = NO;
				ENABLE_RESOURCE_ACCESS_CAMERA = NO;
				ENABLE_RESOURCE_ACCESS_CONTACTS = NO;
				ENABLE_RESOURCE_ACCESS_LOCATION = NO;
				ENABLE_RESOURCE_ACCESS_PRINTING = NO;
				ENABLE_RESOURCE_ACCESS_USB = NO;
				ENABLE_USER_SELECTED_FILES = readonly;
				GENERATE_INFOPLIST_FILE = NO;
				INFOPLIST_FILE = src/Info.plist;
				INFOPLIST_KEY_CFBundleDisplayName = Lattice;
				IPHONEOS_DEPLOYMENT_TARGET = 26.0;
				LD_RUNPATH_SEARCH_PATHS = "@executable_path/Frameworks";
				"LD_RUNPATH_SEARCH_PATHS[sdk=macosx*]" = "@executable_path/../Frameworks";
				MACOSX_DEPLOYMENT_TARGET = 26.0;
				MARKETING_VERSION = 1.0;
				PRODUCT_BUNDLE_IDENTIFIER = build.miguel.Lattice;
				PRODUCT_NAME = "$(TARGET_NAME)";
				PROVISIONING_PROFILE_SPECIFIER = "";
				"PROVISIONING_PROFILE_SPECIFIER[sdk=iphoneos*]" = "match Development build.miguel.Lattice";
				"PROVISIONING_PROFILE_SPECIFIER[sdk=macosx*]" = "match Development build.miguel.Lattice macos";
				REGISTER_APP_GROUPS = YES;
				SDKROOT = auto;
				STRING_CATALOG_GENERATE_SYMBOLS = YES;
				SUPPORTED_PLATFORMS = "iphoneos iphonesimulator macosx";
				SUPPORTS_MACCATALYST = NO;
				SWIFT_APPROACHABLE_CONCURRENCY = YES;
				SWIFT_DEFAULT_ACTOR_ISOLATION = nonisolated;
				SWIFT_EMIT_LOC_STRINGS = YES;
				SWIFT_UPCOMING_FEATURE_MEMBER_IMPORT_VISIBILITY = YES;
				SWIFT_VERSION = 5.0;
				TARGETED_DEVICE_FAMILY = "1,2";
				XROS_DEPLOYMENT_TARGET = 26.0;
			};
			name = Debug;
		};
		C02BFFB12F1A04EE00169A69 /* Release */ = {
			isa = XCBuildConfiguration;
			buildSettings = {
				ASSETCATALOG_COMPILER_APPICON_NAME = AppIcon;
				ASSETCATALOG_COMPILER_GLOBAL_ACCENT_COLOR_NAME = AccentColor;
				CODE_SIGN_ENTITLEMENTS = src/Lattice.entitlements;
				"CODE_SIGN_IDENTITY[sdk=iphoneos*]" = "iPhone Distribution";
				"CODE_SIGN_IDENTITY[sdk=macosx*]" = "3rd Party Mac Developer Application";
				CODE_SIGN_STYLE = Manual;
				CURRENT_PROJECT_VERSION = 1;
				DEVELOPMENT_TEAM = "";
				"DEVELOPMENT_TEAM[sdk=iphoneos*]" = LR4RJT6586;
				"DEVELOPMENT_TEAM[sdk=macosx*]" = LR4RJT6586;
				ENABLE_APP_SANDBOX = YES;
				ENABLE_HARDENED_RUNTIME = YES;
				ENABLE_INCOMING_NETWORK_CONNECTIONS = NO;
				ENABLE_OUTGOING_NETWORK_CONNECTIONS = YES;
				ENABLE_PREVIEWS = YES;
				ENABLE_RESOURCE_ACCESS_AUDIO_INPUT = NO;
				ENABLE_RESOURCE_ACCESS_BLUETOOTH = NO;
				ENABLE_RESOURCE_ACCESS_CALENDARS = NO;
				ENABLE_RESOURCE_ACCESS_CAMERA = NO;
				ENABLE_RESOURCE_ACCESS_CONTACTS = NO;
				ENABLE_RESOURCE_ACCESS_LOCATION = NO;
				ENABLE_RESOURCE_ACCESS_PRINTING = NO;
				ENABLE_RESOURCE_ACCESS_USB = NO;
				ENABLE_USER_SELECTED_FILES = readonly;
				GENERATE_INFOPLIST_FILE = NO;
				INFOPLIST_FILE = src/Info.plist;
				INFOPLIST_KEY_CFBundleDisplayName = Lattice;
				IPHONEOS_DEPLOYMENT_TARGET = 26.0;
				LD_RUNPATH_SEARCH_PATHS = "@executable_path/Frameworks";
				"LD_RUNPATH_SEARCH_PATHS[sdk=macosx*]" = "@executable_path/../Frameworks";
				MACOSX_DEPLOYMENT_TARGET = 26.0;
				MARKETING_VERSION = 1.0;
				PRODUCT_BUNDLE_IDENTIFIER = build.miguel.Lattice;
				PRODUCT_NAME = "$(TARGET_NAME)";
				PROVISIONING_PROFILE_SPECIFIER = "";
				"PROVISIONING_PROFILE_SPECIFIER[sdk=iphoneos*]" = "match AppStore build.miguel.Lattice";
				"PROVISIONING_PROFILE_SPECIFIER[sdk=macosx*]" = "match AppStore build.miguel.Lattice macos";
				REGISTER_APP_GROUPS = YES;
				SDKROOT = auto;
				STRING_CATALOG_GENERATE_SYMBOLS = YES;
				SUPPORTED_PLATFORMS = "iphoneos iphonesimulator macosx";
				SUPPORTS_MACCATALYST = NO;
				SWIFT_APPROACHABLE_CONCURRENCY = YES;
				SWIFT_DEFAULT_ACTOR_ISOLATION = nonisolated;
				SWIFT_EMIT_LOC_STRINGS = YES;
				SWIFT_UPCOMING_FEATURE_MEMBER_IMPORT_VISIBILITY = YES;
				SWIFT_VERSION = 5.0;
				TARGETED_DEVICE_FAMILY = "1,2";
				XROS_DEPLOYMENT_TARGET = 26.0;
			};
			name = Release;
		};
		C0DEF00D2F2A000000000007 /* Debug */ = {
			isa = XCBuildConfiguration;
			buildSettings = {
				ASSETCATALOG_COMPILER_APPICON_NAME = "AppIcon-Beta";
				ASSETCATALOG_COMPILER_GLOBAL_ACCENT_COLOR_NAME = AccentColor;
				CODE_SIGN_ENTITLEMENTS = src/Lattice.dev.entitlements;
				CODE_SIGN_STYLE = Automatic;
				CURRENT_PROJECT_VERSION = 1;
				DEVELOPMENT_TEAM = LR4RJT6586;
				ENABLE_APP_SANDBOX = YES;
				ENABLE_HARDENED_RUNTIME = YES;
				ENABLE_PREVIEWS = YES;
				ENABLE_USER_SELECTED_FILES = readonly;
				GENERATE_INFOPLIST_FILE = NO;
				INFOPLIST_FILE = src/Info.plist;
				INFOPLIST_KEY_CFBundleDisplayName = "Lattice Dev";
				IPHONEOS_DEPLOYMENT_TARGET = 26.0;
				LD_RUNPATH_SEARCH_PATHS = "@executable_path/Frameworks";
				"LD_RUNPATH_SEARCH_PATHS[sdk=macosx*]" = "@executable_path/../Frameworks";
				MACOSX_DEPLOYMENT_TARGET = 26.0;
				MARKETING_VERSION = 1.0;
				PRODUCT_BUNDLE_IDENTIFIER = build.miguel.Lattice.dev;
				PRODUCT_NAME = "$(TARGET_NAME)";
				REGISTER_APP_GROUPS = YES;
				SDKROOT = auto;
				STRING_CATALOG_GENERATE_SYMBOLS = YES;
				SUPPORTED_PLATFORMS = "iphoneos iphonesimulator macosx";
				SUPPORTS_MACCATALYST = NO;
				SWIFT_APPROACHABLE_CONCURRENCY = YES;
				SWIFT_DEFAULT_ACTOR_ISOLATION = nonisolated;
				SWIFT_EMIT_LOC_STRINGS = YES;
				SWIFT_UPCOMING_FEATURE_MEMBER_IMPORT_VISIBILITY = YES;
				SWIFT_VERSION = 5.0;
				TARGETED_DEVICE_FAMILY = "1,2";
				XROS_DEPLOYMENT_TARGET = 26.0;
			};
			name = Debug;
		};
		C0DEF00D2F2A000000000008 /* Release */ = {
			isa = XCBuildConfiguration;
			buildSettings = {
				ASSETCATALOG_COMPILER_APPICON_NAME = "AppIcon-Beta";
				ASSETCATALOG_COMPILER_GLOBAL_ACCENT_COLOR_NAME = AccentColor;
				CODE_SIGN_ENTITLEMENTS = src/Lattice.dev.entitlements;
				CODE_SIGN_STYLE = Automatic;
				CURRENT_PROJECT_VERSION = 1;
				DEVELOPMENT_TEAM = LR4RJT6586;
				ENABLE_APP_SANDBOX = YES;
				ENABLE_HARDENED_RUNTIME = YES;
				ENABLE_PREVIEWS = YES;
				ENABLE_USER_SELECTED_FILES = readonly;
				GENERATE_INFOPLIST_FILE = NO;
				INFOPLIST_FILE = src/Info.plist;
				INFOPLIST_KEY_CFBundleDisplayName = "Lattice Dev";
				IPHONEOS_DEPLOYMENT_TARGET = 26.0;
				LD_RUNPATH_SEARCH_PATHS = "@executable_path/Frameworks";
				"LD_RUNPATH_SEARCH_PATHS[sdk=macosx*]" = "@executable_path/../Frameworks";
				MACOSX_DEPLOYMENT_TARGET = 26.0;
				MARKETING_VERSION = 1.0;
				PRODUCT_BUNDLE_IDENTIFIER = build.miguel.Lattice.dev;
				PRODUCT_NAME = "$(TARGET_NAME)";
				REGISTER_APP_GROUPS = YES;
				SDKROOT = auto;
				STRING_CATALOG_GENERATE_SYMBOLS = YES;
				SUPPORTED_PLATFORMS = "iphoneos iphonesimulator macosx";
				SUPPORTS_MACCATALYST = NO;
				SWIFT_APPROACHABLE_CONCURRENCY = YES;
				SWIFT_DEFAULT_ACTOR_ISOLATION = nonisolated;
				SWIFT_EMIT_LOC_STRINGS = YES;
				SWIFT_UPCOMING_FEATURE_MEMBER_IMPORT_VISIBILITY = YES;
				SWIFT_VERSION = 5.0;
				TARGETED_DEVICE_FAMILY = "1,2";
				XROS_DEPLOYMENT_TARGET = 26.0;
			};
			name = Release;
		};
/* End XCBuildConfiguration section */

/* Begin XCConfigurationList section */
		C02BFF9F2F1A04EE00169A69 /* Build configuration list for PBXProject "Lattice" */ = {
			isa = XCConfigurationList;
			buildConfigurations = (
				C02BFFAD2F1A04EE00169A69 /* Debug */,
				C02BFFAE2F1A04EE00169A69 /* Release */,
			);
			defaultConfigurationIsVisible = 0;
			defaultConfigurationName = Release;
		};
		C02BFFAF2F1A04EE00169A69 /* Build configuration list for PBXNativeTarget "Lattice" */ = {
			isa = XCConfigurationList;
			buildConfigurations = (
				C02BFFB02F1A04EE00169A69 /* Debug */,
				C02BFFB12F1A04EE00169A69 /* Release */,
			);
			defaultConfigurationIsVisible = 0;
			defaultConfigurationName = Release;
		};
		C0DEF00D2F2A000000000006 /* Build configuration list for PBXNativeTarget "LatticeDev" */ = {
			isa = XCConfigurationList;
			buildConfigurations = (
				C0DEF00D2F2A000000000007 /* Debug */,
				C0DEF00D2F2A000000000008 /* Release */,
			);
			defaultConfigurationIsVisible = 0;
			defaultConfigurationName = Release;
		};
/* End XCConfigurationList section */

/* Begin XCRemoteSwiftPackageReference section */
		C01155032F26CD1A00317095 /* XCRemoteSwiftPackageReference "sqlite-data" */ = {
			isa = XCRemoteSwiftPackageReference;
			repositoryURL = "https://github.com/m1guelpf/sqlite-data";
			requirement = {
				branch = recursion;
				kind = branch;
			};
		};
		C025F1A32F1A060C00687E49 /* XCRemoteSwiftPackageReference "TinyStorage" */ = {
			isa = XCRemoteSwiftPackageReference;
			repositoryURL = "https://github.com/christianselig/TinyStorage.git";
			requirement = {
				kind = upToNextMajorVersion;
				minimumVersion = 2.0.2;
			};
		};
		C025F1A62F1A061900687E49 /* XCRemoteSwiftPackageReference "NavigationKit" */ = {
			isa = XCRemoteSwiftPackageReference;
			repositoryURL = "https://github.com/m1guelpf/NavigationKit.git";
			requirement = {
				branch = main;
				kind = branch;
			};
		};
		C025F1A92F1A062900687E49 /* XCRemoteSwiftPackageReference "ObfuscateMacro" */ = {
			isa = XCRemoteSwiftPackageReference;
			repositoryURL = "https://github.com/p-x9/ObfuscateMacro.git";
			requirement = {
				kind = upToNextMajorVersion;
				minimumVersion = 0.13.0;
			};
		};
		C025F1AC2F1A064400687E49 /* XCRemoteSwiftPackageReference "swiftui-introspect" */ = {
			isa = XCRemoteSwiftPackageReference;
			repositoryURL = "https://github.com/siteline/swiftui-introspect.git";
			requirement = {
				kind = upToNextMajorVersion;
				minimumVersion = 26.0.0;
			};
		};
		C025F1AF2F1A065D00687E49 /* XCRemoteSwiftPackageReference "Nuke" */ = {
			isa = XCRemoteSwiftPackageReference;
			repositoryURL = "https://github.com/kean/Nuke";
			requirement = {
				kind = upToNextMajorVersion;
				minimumVersion = 12.8.0;
			};
		};
		C025F1B42F1A066F00687E49 /* XCRemoteSwiftPackageReference "ButtonKit" */ = {
			isa = XCRemoteSwiftPackageReference;
			repositoryURL = "https://github.com/Dean151/ButtonKit.git";
			requirement = {
				kind = upToNextMajorVersion;
				minimumVersion = 0.6.1;
			};
		};
		C025F1B72F1A067F00687E49 /* XCRemoteSwiftPackageReference "atlantis" */ = {
			isa = XCRemoteSwiftPackageReference;
			repositoryURL = "https://github.com/ProxymanApp/atlantis.git";
			requirement = {
				kind = upToNextMajorVersion;
				minimumVersion = 1.31.0;
			};
		};
/* End XCRemoteSwiftPackageReference section */

/* Begin XCSwiftPackageProductDependency section */
		C01155042F26CD1A00317095 /* SQLiteData */ = {
			isa = XCSwiftPackageProductDependency;
			package = C01155032F26CD1A00317095 /* XCRemoteSwiftPackageReference "sqlite-data" */;
			productName = SQLiteData;
		};
		C025F1A42F1A060C00687E49 /* TinyStorage */ = {
			isa = XCSwiftPackageProductDependency;
			package = C025F1A32F1A060C00687E49 /* XCRemoteSwiftPackageReference "TinyStorage" */;
			productName = TinyStorage;
		};
		C025F1A72F1A061900687E49 /* NavigationKit */ = {
			isa = XCSwiftPackageProductDependency;
			package = C025F1A62F1A061900687E49 /* XCRemoteSwiftPackageReference "NavigationKit" */;
			productName = NavigationKit;
		};
		C025F1AA2F1A062900687E49 /* ObfuscateMacro */ = {
			isa = XCSwiftPackageProductDependency;
			package = C025F1A92F1A062900687E49 /* XCRemoteSwiftPackageReference "ObfuscateMacro" */;
			productName = ObfuscateMacro;
		};
		C025F1AD2F1A064400687E49 /* SwiftUIIntrospect */ = {
			isa = XCSwiftPackageProductDependency;
			package = C025F1AC2F1A064400687E49 /* XCRemoteSwiftPackageReference "swiftui-introspect" */;
			productName = SwiftUIIntrospect;
		};
		C025F1B02F1A065D00687E49 /* Nuke */ = {
			isa = XCSwiftPackageProductDependency;
			package = C025F1AF2F1A065D00687E49 /* XCRemoteSwiftPackageReference "Nuke" */;
			productName = Nuke;
		};
		C025F1B22F1A065D00687E49 /* NukeUI */ = {
			isa = XCSwiftPackageProductDependency;
			package = C025F1AF2F1A065D00687E49 /* XCRemoteSwiftPackageReference "Nuke" */;
			productName = NukeUI;
		};
		C025F1B52F1A066F00687E49 /* ButtonKit */ = {
			isa = XCSwiftPackageProductDependency;
			package = C025F1B42F1A066F00687E49 /* XCRemoteSwiftPackageReference "ButtonKit" */;
			productName = ButtonKit;
		};
		C025F1B82F1A067F00687E49 /* Atlantis */ = {
			isa = XCSwiftPackageProductDependency;
			package = C025F1B72F1A067F00687E49 /* XCRemoteSwiftPackageReference "atlantis" */;
			productName = Atlantis;
		};
		C025F20B2F1AA3D100687E49 /* SQLiteData */ = {
			isa = XCSwiftPackageProductDependency;
			productName = SQLiteData;
		};
		C0DEF00D2F2A00000000000A /* TinyStorage */ = {
			isa = XCSwiftPackageProductDependency;
			package = C025F1A32F1A060C00687E49 /* XCRemoteSwiftPackageReference "TinyStorage" */;
			productName = TinyStorage;
		};
		C0DEF00D2F2A00000000000B /* NavigationKit */ = {
			isa = XCSwiftPackageProductDependency;
			package = C025F1A62F1A061900687E49 /* XCRemoteSwiftPackageReference "NavigationKit" */;
			productName = NavigationKit;
		};
		C0DEF00D2F2A00000000000C /* ObfuscateMacro */ = {
			isa = XCSwiftPackageProductDependency;
			package = C025F1A92F1A062900687E49 /* XCRemoteSwiftPackageReference "ObfuscateMacro" */;
			productName = ObfuscateMacro;
		};
		C0DEF00D2F2A00000000000D /* SwiftUIIntrospect */ = {
			isa = XCSwiftPackageProductDependency;
			package = C025F1AC2F1A064400687E49 /* XCRemoteSwiftPackageReference "swiftui-introspect" */;
			productName = SwiftUIIntrospect;
		};
		C0DEF00D2F2A00000000000E /* Nuke */ = {
			isa = XCSwiftPackageProductDependency;
			package = C025F1AF2F1A065D00687E49 /* XCRemoteSwiftPackageReference "Nuke" */;
			productName = Nuke;
		};
		C0DEF00D2F2A00000000000F /* NukeUI */ = {
			isa = XCSwiftPackageProductDependency;
			package = C025F1AF2F1A065D00687E49 /* XCRemoteSwiftPackageReference "Nuke" */;
			productName = NukeUI;
		};
		C0DEF00D2F2A000000000010 /* ButtonKit */ = {
			isa = XCSwiftPackageProductDependency;
			package = C025F1B42F1A066F00687E49 /* XCRemoteSwiftPackageReference "ButtonKit" */;
			productName = ButtonKit;
		};
		C0DEF00D2F2A000000000011 /* Atlantis */ = {
			isa = XCSwiftPackageProductDependency;
			package = C025F1B72F1A067F00687E49 /* XCRemoteSwiftPackageReference "atlantis" */;
			productName = Atlantis;
		};
		C0DEF00D2F2A000000000012 /* SQLiteData */ = {
			isa = XCSwiftPackageProductDependency;
			productName = SQLiteData;
		};
/* End XCSwiftPackageProductDependency section */
	};
	rootObject = C02BFF9C2F1A04EE00169A69 /* Project object */;
}
