{
  "originHash" : "7d3b881f5d0d915e5816872072569a81084e4eb35910a7808278db4d03c4e179",
  "pins" : [
    {
      "identity" : "combine-schedulers",
      "kind" : "remoteSourceControl",
      "location" : "https://github.com/pointfreeco/combine-schedulers",
      "state" : {
        "revision" : "114354e8c1667a2edc4993700fb9fa4f90157b56",
        "version" : "1.2.2"
      }
    },
    {
      "identity" : "grdb.swift",
      "kind" : "remoteSourceControl",
      "location" : "https://github.com/groue/GRDB.swift",
      "state" : {
        "revision" : "b83108d10f42680d78f23fe4d4d80fc88dab3212",
        "version" : "7.11.1"
      }
    },
    {
      "identity" : "navigationkit",
      "kind" : "remoteSourceControl",
      "location" : "https://github.com/m1guelpf/NavigationKit.git",
      "state" : {
        "branch" : "main",
        "revision" : "cb393f1c7d06b33637bf862bdcfb9c1ddbea6347"
      }
    },
    {
      "identity" : "nuke",
      "kind" : "remoteSourceControl",
      "location" : "https://github.com/kean/Nuke",
      "state" : {
        "revision" : "83e19143355b02e9261edb2323b3e1e93287ebb9",
        "version" : "12.9.0"
      }
    },
    {
      "identity" : "obfuscatemacro",
      "kind" : "remoteSourceControl",
      "location" : "https://github.com/p-x9/ObfuscateMacro.git",
      "state" : {
        "revision" : "933cf203cfea5fb79b11363d2928bfa54284478e",
        "version" : "0.14.0"
      }
    },
    {
      "identity" : "sentry-cocoa",
      "kind" : "remoteSourceControl",
      "location" : "https://github.com/getsentry/sentry-cocoa.git",
      "state" : {
        "revision" : "3a22ecd00ad1398747bfd587e44df82716908dd3",
        "version" : "9.10.0"
      }
    },
    {
      "identity" : "sqlite-data",
      "kind" : "remoteSourceControl",
      "location" : "https://github.com/m1guelpf/sqlite-data",
      "state" : {
        "branch" : "recursion",
        "revision" : "182b41597e19a24af392c8c44fa8b2d4996308c9"
      }
    },
    {
      "identity" : "swift-algorithms",
      "kind" : "remoteSourceControl",
      "location" : "https://github.com/apple/swift-algorithms",
      "state" : {
        "revision" : "87e50f483c54e6efd60e885f7f5aa946cee68023",
        "version" : "1.2.1"
      }
    },
    {
      "identity" : "swift-asn1",
      "kind" : "remoteSourceControl",
      "location" : "https://github.com/apple/swift-asn1.git",
      "state" : {
        "revision" : "d9a5b37470adc940d22c3bcd5ca6953a516b727f",
        "version" : "1.7.2"
      }
    },
    {
      "identity" : "swift-clocks",
      "kind" : "remoteSourceControl",
      "location" : "https://github.com/pointfreeco/swift-clocks",
      "state" : {
        "revision" : "82440fa0a8b1c381a6d1e8e0fc7bbba53ec63204",
        "version" : "1.1.1"
      }
    },
    {
      "identity" : "swift-collections",
      "kind" : "remoteSourceControl",
      "location" : "https://github.com/apple/swift-collections",
      "state" : {
        "revision" : "a0cb0954ecb21e4e31b0070e6ed5674e8556685a",
        "version" : "1.6.0"
      }
    },
    {
      "identity" : "swift-concurrency-extras",
      "kind" : "remoteSourceControl",
      "location" : "https://github.com/pointfreeco/swift-concurrency-extras",
      "state" : {
        "revision" : "5fa253428866f2360c3754e88537f700ed2656b5",
        "version" : "1.4.1"
      }
    },
    {
      "identity" : "swift-crypto",
      "kind" : "remoteSourceControl",
      "location" : "https://github.com/apple/swift-crypto.git",
      "state" : {
        "revision" : "da9d28d69ebe3894b18376c8f2395c2f37b8448f",
        "version" : "4.5.2"
      }
    },
    {
      "identity" : "swift-custom-dump",
      "kind" : "remoteSourceControl",
      "location" : "https://github.com/pointfreeco/swift-custom-dump",
      "state" : {
        "revision" : "b9b59eb58c946236d6f16305c576ad194c36444e",
        "version" : "1.6.0"
      }
    },
    {
      "identity" : "swift-dependencies",
      "kind" : "remoteSourceControl",
      "location" : "https://github.com/pointfreeco/swift-dependencies/",
      "state" : {
        "revision" : "16f7dd14ee28d04617090f2a73198b8b316ffa12",
        "version" : "1.13.1"
      }
    },
    {
      "identity" : "swift-identified-collections",
      "kind" : "remoteSourceControl",
      "location" : "https://github.com/pointfreeco/swift-identified-collections",
      "state" : {
        "revision" : "322d9ffeeba85c9f7c4984b39422ec7cc3c56597",
        "version" : "1.1.1"
      }
    },
    {
      "identity" : "swift-issue-reporting",
      "kind" : "remoteSourceControl",
      "location" : "https://github.com/pointfreeco/swift-issue-reporting",
      "state" : {
        "revision" : "71c7c9a761d1ca6ed4ccb6ced040fe1c1a39e8e7",
        "version" : "2.1.0"
      }
    },
    {
      "identity" : "swift-numerics",
      "kind" : "remoteSourceControl",
      "location" : "https://github.com/apple/swift-numerics.git",
      "state" : {
        "revision" : "0c0290ff6b24942dadb83a929ffaaa1481df04a2",
        "version" : "1.1.1"
      }
    },
    {
      "identity" : "swift-perception",
      "kind" : "remoteSourceControl",
      "location" : "https://github.com/pointfreeco/swift-perception",
      "state" : {
        "revision" : "25ac73741c3436605d61eceb5207e896973918e7",
        "version" : "2.0.10"
      }
    },
    {
      "identity" : "swift-sharing",
      "kind" : "remoteSourceControl",
      "location" : "https://github.com/pointfreeco/swift-sharing",
      "state" : {
        "revision" : "e47a2f545bafa3c0c702600f3e6ce02b3d566b6f",
        "version" : "2.8.2"
      }
    },
    {
      "identity" : "swift-snapshot-testing",
      "kind" : "remoteSourceControl",
      "location" : "https://github.com/pointfreeco/swift-snapshot-testing",
      "state" : {
        "revision" : "ad5e3190cc63dc288f28546f9c6827efc1e9d495",
        "version" : "1.19.2"
      }
    },
    {
      "identity" : "swift-structured-queries",
      "kind" : "remoteSourceControl",
      "location" : "https://github.com/pointfreeco/swift-structured-queries",
      "state" : {
        "revision" : "72d536d5f0319097612bea961e356f4223efd926",
        "version" : "0.39.2"
      }
    },
    {
      "identity" : "swift-syntax",
      "kind" : "remoteSourceControl",
      "location" : "https://github.com/swiftlang/swift-syntax",
      "state" : {
        "revision" : "4799286537280063c85a32f09884cfbca301b1a1",
        "version" : "602.0.0"
      }
    },
    {
      "identity" : "tinystorage",
      "kind" : "remoteSourceControl",
      "location" : "https://github.com/christianselig/TinyStorage.git",
      "state" : {
        "revision" : "50048313489327e539f7c6227c51d6c63b363e69",
        "version" : "2.0.2"
      }
    },
    {
      "identity" : "xctest-dynamic-overlay",
      "kind" : "remoteSourceControl",
      "location" : "https://github.com/pointfreeco/xctest-dynamic-overlay",
      "state" : {
        "revision" : "d9308ad679143c26a30dec52daefe82f54af2b82",
        "version" : "1.13.1"
      }
    }
  ],
  "version" : 3
}
